{
    "_meta": {
        "hash": {
            "sha256": "02dc287366e255aa43c48991a2955795cfeaefc569033595b605b3f2d58dd095"
        },
        "pipfile-spec": 6,
        "requires": {
            "python_version": "3.11"
        },
        "sources": [
            {
                "name": "pypi",
                "url": "https://pypi.org/simple",
                "verify_ssl": true
            }
        ]
    },
    "default": {
        "exceptiongroup": {
            "hashes": [
                "sha256:4bfd3996ac73b41e9b9628b04e079f193850720ea5945fc96a08633c66912f14",
                "sha256:91f5c769735f051a4290d52edd0858999b57e5876e9f85937691bd4c9fa3ed68"
            ],
            "markers": "python_version >= '3.7'",
            "version": "==1.2.0"
        },
        "h11": {
            "hashes": [
                "sha256:8f19fbbe99e72420ff35c00b27a34cb9937e902a8b810e2c88300c6f0a3b699d",
                "sha256:e3fe4ac4b851c468cc8363d500db52c2ead036020723024a109d37346efaa761"
            ],
            "markers": "python_version >= '3.7'",
            "version": "==0.14.0"
        },
        "h2": {
            "hashes": [
                "sha256:03a46bcf682256c95b5fd9e9a99c1323584c3eec6440d379b9903d709476bc6d",
                "sha256:a83aca08fbe7aacb79fec788c9c0bac936343560ed9ec18b82a13a12c28d2abb"
            ],
            "markers": "python_full_version >= '3.6.1'",
            "version": "==4.1.0"
        },
        "hpack": {
            "hashes": [
                "sha256:84a076fad3dc9a9f8063ccb8041ef100867b1878b25ef0ee63847a5d53818a6c",
                "sha256:fc41de0c63e687ebffde81187a948221294896f6bdc0ae2312708df339430095"
            ],
            "markers": "python_full_version >= '3.6.1'",
            "version": "==4.0.0"
        },
        "hypercorn": {
            "hashes": [
                "sha256:5008944999612fd188d7a1ca02e89d20065642b89503020ac392dfed11840730",
                "sha256:d517f68d5dc7afa9a9d50ecefb0f769f466ebe8c1c18d2c2f447a24e763c9a63"
            ],
            "index": "pypi",
            "markers": "python_version >= '3.7'",
            "version": "==0.15.0"
        },
        "hyperframe": {
            "hashes": [
                "sha256:0ec6bafd80d8ad2195c4f03aacba3a8265e57bc4cff261e802bf39970ed02a15",
                "sha256:ae510046231dc8e9ecb1a6586f63d2347bf4c8905914aa84ba585ae85f28a914"
            ],
            "markers": "python_full_version >= '3.6.1'",
            "version": "==6.0.1"
        },
        "priority": {
            "hashes": [
                "sha256:6f8eefce5f3ad59baf2c080a664037bb4725cd0a790d53d59ab4059288faf6aa",
                "sha256:c965d54f1b8d0d0b19479db3924c7c36cf672dbf2aec92d43fbdaf4492ba18c0"
            ],
            "markers": "python_full_version >= '3.6.1'",
            "version": "==2.0.0"
        },
        "taskgroup": {
            "hashes": [
                "sha256:5c1bd0e4c06114e7a4128583ab75c987597d5378a33948a3b74c662b90f61277",
                "sha256:eb08902d221e27661950f2a0320ddf3f939f579279996f81fe30779bca3a159c"
            ],
            "markers": "python_version < '3.11'",
            "version": "==0.0.0a4"
        },
        "tomli": {
            "hashes": [
                "sha256:939de3e7a6161af0c887ef91b7d41a53e7c5a1ca976325f429cb46ea9bc30ecc",
                "sha256:de526c12914f0c550d15924c62d72abc48d6fe7364aa87328337a31007fe8a4f"
            ],
            "markers": "python_version < '3.11'",
            "version": "==2.0.1"
        },
        "wsproto": {
            "hashes": [
                "sha256:ad565f26ecb92588a3e43bc3d96164de84cd9902482b130d0ddbaa9664a85065",
                "sha256:b9acddd652b585d75b20477888c56642fdade28bdfd3579aa24a4d2c037dd736"
            ],
            "markers": "python_full_version >= '3.7.0'",
            "version": "==1.2.0"
        }
    },
    "develop": {}
}
